{
    "version": 3,
    "terraform_version": "0.11.14",
    "serial": 11,
    "lineage": "0774baca-3a7a-07cd-b447-cf3a7f2a7820",
    "modules": [
        {
            "path": [
                "root"
            ],
            "outputs": {
                "ip_addresses": {
                    "sensitive": false,
                    "type": "string",
                    "value": "34.200.146.231"
                }
            },
            "resources": {
                "aws_eip.web_server": {
                    "type": "aws_eip",
                    "depends_on": [
                        "aws_instance.web_server"
                    ],
                    "primary": {
                        "id": "eipalloc-0b60de8eec9d2f0cf",
                        "attributes": {
                            "association_id": "eipassoc-06176079fc8b7efed",
                            "domain": "vpc",
                            "id": "eipalloc-0b60de8eec9d2f0cf",
                            "instance": "i-0ba19bbae5b8e84b3",
                            "network_interface": "eni-0fb96e22a6534a117",
                            "private_dns": "ip-10-0-55-109.ec2.internal",
                            "private_ip": "10.0.55.109",
                            "public_dns": "ec2-34-200-146-231.compute-1.amazonaws.com",
                            "public_ip": "34.200.146.231",
                            "public_ipv4_pool": "amazon",
                            "tags.%": "0",
                            "vpc": "true"
                        },
                        "meta": {
                            "e2bfb730-ecaa-11e6-8f88-34363bc7c4c0": {
                                "delete": 180000000000,
                                "read": 900000000000,
                                "update": 300000000000
                            }
                        },
                        "tainted": false
                    },
                    "deposed": [],
                    "provider": "provider.aws"
                },
                "aws_instance.web_server": {
                    "type": "aws_instance",
                    "depends_on": [
                        "aws_security_group.ie-sg",
                        "aws_subnet.server-subnet-1"
                    ],
                    "primary": {
                        "id": "i-0ba19bbae5b8e84b3",
                        "attributes": {
                            "ami": "ami-04b9e92b5572fa0d1",
                            "arn": "arn:aws:ec2:us-east-1:158606744456:instance/i-0ba19bbae5b8e84b3",
                            "associate_public_ip_address": "false",
                            "availability_zone": "us-east-1a",
                            "cpu_core_count": "1",
                            "cpu_threads_per_core": "1",
                            "credit_specification.#": "1",
                            "credit_specification.0.cpu_credits": "standard",
                            "disable_api_termination": "false",
                            "ebs_block_device.#": "0",
                            "ebs_optimized": "false",
                            "ephemeral_block_device.#": "0",
                            "get_password_data": "false",
                            "iam_instance_profile": "",
                            "id": "i-0ba19bbae5b8e84b3",
                            "instance_state": "running",
                            "instance_type": "t2.micro",
                            "ipv6_address_count": "0",
                            "ipv6_addresses.#": "0",
                            "key_name": "terra_key",
                            "monitoring": "false",
                            "network_interface.#": "0",
                            "password_data": "",
                            "placement_group": "",
                            "primary_network_interface_id": "eni-0fb96e22a6534a117",
                            "private_dns": "ip-10-0-55-109.ec2.internal",
                            "private_ip": "10.0.55.109",
                            "public_dns": "",
                            "public_ip": "",
                            "root_block_device.#": "1",
                            "root_block_device.0.delete_on_termination": "true",
                            "root_block_device.0.encrypted": "false",
                            "root_block_device.0.iops": "100",
                            "root_block_device.0.kms_key_id": "",
                            "root_block_device.0.volume_id": "vol-018d0238352a26e42",
                            "root_block_device.0.volume_size": "8",
                            "root_block_device.0.volume_type": "gp2",
                            "security_groups.#": "0",
                            "source_dest_check": "true",
                            "subnet_id": "subnet-07049a09230828167",
                            "tags.%": "1",
                            "tags.Name": "Ubuntu-EC2-Server",
                            "tenancy": "default",
                            "user_data": "8da657b880cdc4d5d47146455495892d7ed2ead9",
                            "volume_tags.%": "0",
                            "vpc_security_group_ids.#": "1",
                            "vpc_security_group_ids.3891820849": "sg-0a510a5ac64397f75"
                        },
                        "meta": {
                            "e2bfb730-ecaa-11e6-8f88-34363bc7c4c0": {
                                "create": 600000000000,
                                "delete": 1200000000000,
                                "update": 600000000000
                            },
                            "schema_version": "1"
                        },
                        "tainted": false
                    },
                    "deposed": [],
                    "provider": "provider.aws"
                },
                "aws_internet_gateway.web-gateway": {
                    "type": "aws_internet_gateway",
                    "depends_on": [
                        "aws_vpc.web_server"
                    ],
                    "primary": {
                        "id": "igw-0778d1604e0361304",
                        "attributes": {
                            "id": "igw-0778d1604e0361304",
                            "owner_id": "158606744456",
                            "tags.%": "1",
                            "tags.Name": "web-gateway",
                            "vpc_id": "vpc-03403527b6463b450"
                        },
                        "meta": {},
                        "tainted": false
                    },
                    "deposed": [],
                    "provider": "provider.aws"
                },
                "aws_key_pair.ec2_authn": {
                    "type": "aws_key_pair",
                    "depends_on": [],
                    "primary": {
                        "id": "id_rsa.pub",
                        "attributes": {
                            "fingerprint": "68:53:32:2a:dc:69:fc:33:25:f9:e9:74:cc:cb:c3:d7",
                            "id": "id_rsa.pub",
                            "key_name": "id_rsa.pub",
                            "public_key": "ssh-rsa AAAAB3NzaC1yc2EAAAADAQABAAABgQDA8M/bm4eebIz2HEf3g7BCo+3DXRcyUDQVYMZr+lHY64S0iFwWDVyeN6FybXuJyVjjE0UnayBVxRvc2trO771TKb7Fk6YJYBzlzCCABqzuN3VyD6YH83Oba7YreeUuObkt6SvtIefieCK78KbitPzqGYq75z8zgCr0g3/1RIuLFyJ6skkBreWRqhi1WZTXKzslDMJFrDELw9Sju18TbTP0FpAKVKV6D4gCw+XO/GMlXgowFnIg0lF0roslaru7y/Qb7VtfWFSNo7I/eaJL2KEt8LzCBspaF2Wjorw/SvtKzGlLNyf9EuI09EEXv1y6aY6gl4QdcKLqmMfuAvTtma8Y0VWavW1iaW+Ls0Uwvv3xFGvHkfOJVWjDSwfot8j86MrVAUdvLZSzbBF5b+D3vac/v7EW8IDGAw5xN+bJZv4+qGaORKpqgpohv5AYA0HbM6LpPm2Pm1Ya28wx/zB4heRlohQ13jK1rolScVLKvkoXbt++UXEP4J3aOAzvPQYiqfc= vi-hseng@localhost.localdomain"
                        },
                        "meta": {
                            "schema_version": "1"
                        },
                        "tainted": false
                    },
                    "deposed": [],
                    "provider": "provider.aws"
                },
                "aws_route_table.web_rt": {
                    "type": "aws_route_table",
                    "depends_on": [
                        "aws_internet_gateway.web-gateway",
                        "aws_vpc.web_server"
                    ],
                    "primary": {
                        "id": "rtb-017aa1df4998935ca",
                        "attributes": {
                            "id": "rtb-017aa1df4998935ca",
                            "owner_id": "158606744456",
                            "propagating_vgws.#": "0",
                            "route.#": "1",
                            "route.3646654559.cidr_block": "0.0.0.0/0",
                            "route.3646654559.egress_only_gateway_id": "",
                            "route.3646654559.gateway_id": "igw-0778d1604e0361304",
                            "route.3646654559.instance_id": "",
                            "route.3646654559.ipv6_cidr_block": "",
                            "route.3646654559.nat_gateway_id": "",
                            "route.3646654559.network_interface_id": "",
                            "route.3646654559.transit_gateway_id": "",
                            "route.3646654559.vpc_peering_connection_id": "",
                            "tags.%": "1",
                            "tags.Name": "web_rt",
                            "vpc_id": "vpc-03403527b6463b450"
                        },
                        "meta": {},
                        "tainted": false
                    },
                    "deposed": [],
                    "provider": "provider.aws"
                },
                "aws_route_table_association.web-sub-association": {
                    "type": "aws_route_table_association",
                    "depends_on": [
                        "aws_route_table.web_rt",
                        "aws_subnet.server-subnet-1"
                    ],
                    "primary": {
                        "id": "rtbassoc-0bddc18cf13a70553",
                        "attributes": {
                            "id": "rtbassoc-0bddc18cf13a70553",
                            "route_table_id": "rtb-017aa1df4998935ca",
                            "subnet_id": "subnet-07049a09230828167"
                        },
                        "meta": {},
                        "tainted": false
                    },
                    "deposed": [],
                    "provider": "provider.aws"
                },
                "aws_security_group.ie-sg": {
                    "type": "aws_security_group",
                    "depends_on": [
                        "aws_vpc.web_server"
                    ],
                    "primary": {
                        "id": "sg-0a510a5ac64397f75",
                        "attributes": {
                            "arn": "arn:aws:ec2:us-east-1:158606744456:security-group/sg-0a510a5ac64397f75",
                            "description": "Managed by Terraform",
                            "egress.#": "1",
                            "egress.482069346.cidr_blocks.#": "1",
                            "egress.482069346.cidr_blocks.0": "0.0.0.0/0",
                            "egress.482069346.description": "",
                            "egress.482069346.from_port": "0",
                            "egress.482069346.ipv6_cidr_blocks.#": "0",
                            "egress.482069346.prefix_list_ids.#": "0",
                            "egress.482069346.protocol": "-1",
                            "egress.482069346.security_groups.#": "0",
                            "egress.482069346.self": "false",
                            "egress.482069346.to_port": "0",
                            "id": "sg-0a510a5ac64397f75",
                            "ingress.#": "1",
                            "ingress.2541437006.cidr_blocks.#": "1",
                            "ingress.2541437006.cidr_blocks.0": "0.0.0.0/0",
                            "ingress.2541437006.description": "",
                            "ingress.2541437006.from_port": "22",
                            "ingress.2541437006.ipv6_cidr_blocks.#": "0",
                            "ingress.2541437006.prefix_list_ids.#": "0",
                            "ingress.2541437006.protocol": "tcp",
                            "ingress.2541437006.security_groups.#": "0",
                            "ingress.2541437006.self": "false",
                            "ingress.2541437006.to_port": "22",
                            "name": "web-security-group",
                            "owner_id": "158606744456",
                            "revoke_rules_on_delete": "false",
                            "tags.%": "0",
                            "vpc_id": "vpc-03403527b6463b450"
                        },
                        "meta": {
                            "e2bfb730-ecaa-11e6-8f88-34363bc7c4c0": {
                                "create": 600000000000,
                                "delete": 600000000000
                            },
                            "schema_version": "1"
                        },
                        "tainted": false
                    },
                    "deposed": [],
                    "provider": "provider.aws"
                },
                "aws_subnet.server-subnet-1": {
                    "type": "aws_subnet",
                    "depends_on": [
                        "aws_vpc.web_server"
                    ],
                    "primary": {
                        "id": "subnet-07049a09230828167",
                        "attributes": {
                            "arn": "arn:aws:ec2:us-east-1:158606744456:subnet/subnet-07049a09230828167",
                            "assign_ipv6_address_on_creation": "false",
                            "availability_zone": "us-east-1a",
                            "availability_zone_id": "use1-az6",
                            "cidr_block": "10.0.32.0/19",
                            "id": "subnet-07049a09230828167",
                            "ipv6_cidr_block": "",
                            "ipv6_cidr_block_association_id": "",
                            "map_public_ip_on_launch": "false",
                            "owner_id": "158606744456",
                            "tags.%": "0",
                            "vpc_id": "vpc-03403527b6463b450"
                        },
                        "meta": {
                            "e2bfb730-ecaa-11e6-8f88-34363bc7c4c0": {
                                "create": 600000000000,
                                "delete": 1200000000000
                            },
                            "schema_version": "1"
                        },
                        "tainted": false
                    },
                    "deposed": [],
                    "provider": "provider.aws"
                },
                "aws_vpc.web_server": {
                    "type": "aws_vpc",
                    "depends_on": [],
                    "primary": {
                        "id": "vpc-03403527b6463b450",
                        "attributes": {
                            "arn": "arn:aws:ec2:us-east-1:158606744456:vpc/vpc-03403527b6463b450",
                            "assign_generated_ipv6_cidr_block": "false",
                            "cidr_block": "10.0.0.0/16",
                            "default_network_acl_id": "acl-070fcbe6b6a84d599",
                            "default_route_table_id": "rtb-032653e3b3b1fbb1b",
                            "default_security_group_id": "sg-070524d439d13c15d",
                            "dhcp_options_id": "dopt-e844aa92",
                            "enable_classiclink": "false",
                            "enable_classiclink_dns_support": "false",
                            "enable_dns_hostnames": "true",
                            "enable_dns_support": "true",
                            "id": "vpc-03403527b6463b450",
                            "instance_tenancy": "default",
                            "ipv6_association_id": "",
                            "ipv6_cidr_block": "",
                            "main_route_table_id": "rtb-032653e3b3b1fbb1b",
                            "owner_id": "158606744456",
                            "tags.%": "1",
                            "tags.Name": "web_server"
                        },
                        "meta": {
                            "schema_version": "1"
                        },
                        "tainted": false
                    },
                    "deposed": [],
                    "provider": "provider.aws"
                }
            },
            "depends_on": []
        }
    ]
}
